// !$*UTF8*$!
{
	archiveVersion = 1;
	classes = {
	};
	objectVersion = 46;
	objects = {

/* Begin PBXBuildFile section */
		B519C002168C87D700B04D55 /* Localizable.strings in Resources */ = {isa = PBXBuildFile; fileRef = B519C004168C87D700B04D55 /* Localizable.strings */; };
		B5293FEE1692F0ED00543EEC /* AppsPreferencesViewController.m in Sources */ = {isa = PBXBuildFile; fileRef = B5293FEC1692F0ED00543EEC /* AppsPreferencesViewController.m */; };
		B5293FEF1692F0ED00543EEC /* AppsPreferencesViewController.xib in Resources */ = {isa = PBXBuildFile; fileRef = B5293FED1692F0ED00543EEC /* AppsPreferencesViewController.xib */; };
		B5293FF31692F10900543EEC /* HelpPreferencesViewController.m in Sources */ = {isa = PBXBuildFile; fileRef = B5293FF11692F10900543EEC /* HelpPreferencesViewController.m */; };
		B5293FF41692F10900543EEC /* HelpPreferencesViewController.xib in Resources */ = {isa = PBXBuildFile; fileRef = B5293FF21692F10900543EEC /* HelpPreferencesViewController.xib */; };
		B5293FF71692F41100543EEC /* squirrelDeployCommand.png in Resources */ = {isa = PBXBuildFile; fileRef = B5293FF51692F41100543EEC /* squirrelDeployCommand.png */; };
		B5293FF81692F41100543EEC /* squirrelDeployCommand@2x.png in Resources */ = {isa = PBXBuildFile; fileRef = B5293FF61692F41100543EEC /* squirrelDeployCommand@2x.png */; };
		B52941651694660600543EEC /* SHKit.m in Sources */ = {isa = PBXBuildFile; fileRef = B52941501694660600543EEC /* SHKit.m */; };
		B52941661694660600543EEC /* NSArray+SHExtensions.m in Sources */ = {isa = PBXBuildFile; fileRef = B52941521694660600543EEC /* NSArray+SHExtensions.m */; };
		B52941671694660600543EEC /* NSColor+SHExtensions.m in Sources */ = {isa = PBXBuildFile; fileRef = B52941541694660600543EEC /* NSColor+SHExtensions.m */; };
		B52941681694660600543EEC /* NSDictionary+KeyPath.m in Sources */ = {isa = PBXBuildFile; fileRef = B52941561694660600543EEC /* NSDictionary+KeyPath.m */; };
		B52941691694660600543EEC /* NSDictionary+SHExtensions.m in Sources */ = {isa = PBXBuildFile; fileRef = B52941581694660600543EEC /* NSDictionary+SHExtensions.m */; };
		B529416A1694660600543EEC /* NSObject+DeepMutableCopy.m in Sources */ = {isa = PBXBuildFile; fileRef = B529415A1694660600543EEC /* NSObject+DeepMutableCopy.m */; };
		B529416B1694660600543EEC /* NSString+SHExtensions.m in Sources */ = {isa = PBXBuildFile; fileRef = B529415C1694660600543EEC /* NSString+SHExtensions.m */; };
		B529416D1694660600543EEC /* SHFoundation.m in Sources */ = {isa = PBXBuildFile; fileRef = B529415F1694660600543EEC /* SHFoundation.m */; };
		B542190B168C3AF000C21C1C /* Cocoa.framework in Frameworks */ = {isa = PBXBuildFile; fileRef = B542190A168C3AF000C21C1C /* Cocoa.framework */; };
		B5421915168C3AF000C21C1C /* InfoPlist.strings in Resources */ = {isa = PBXBuildFile; fileRef = B5421913168C3AF000C21C1C /* InfoPlist.strings */; };
		B5421917168C3AF000C21C1C /* main.m in Sources */ = {isa = PBXBuildFile; fileRef = B5421916168C3AF000C21C1C /* main.m */; };
		B542191B168C3AF000C21C1C /* Credits.rtf in Resources */ = {isa = PBXBuildFile; fileRef = B5421919168C3AF000C21C1C /* Credits.rtf */; };
		B542191E168C3AF000C21C1C /* AppDelegate.m in Sources */ = {isa = PBXBuildFile; fileRef = B542191D168C3AF000C21C1C /* AppDelegate.m */; };
		B5421921168C3AF000C21C1C /* MainMenu.xib in Resources */ = {isa = PBXBuildFile; fileRef = B542191F168C3AF000C21C1C /* MainMenu.xib */; };
		B54219B7168C3E3D00C21C1C /* MASPreferencesWindow.xib in Resources */ = {isa = PBXBuildFile; fileRef = B5421933168C3E3D00C21C1C /* MASPreferencesWindow.xib */; };
		B54219B8168C3E3D00C21C1C /* MASPreferencesWindowController.m in Sources */ = {isa = PBXBuildFile; fileRef = B5421935168C3E3D00C21C1C /* MASPreferencesWindowController.m */; settings = {COMPILER_FLAGS = "-fno-objc-arc"; }; };
		B544B1F31694906800392564 /* libYACYAML.a in Frameworks */ = {isa = PBXBuildFile; fileRef = B544B1EB1694904F00392564 /* libYACYAML.a */; };
		B544B1F51694972100392564 /* Sparkle.framework in Frameworks */ = {isa = PBXBuildFile; fileRef = B544B1F41694972100392564 /* Sparkle.framework */; };
		B544B1F7169497C300392564 /* Sparkle.framework in CopyFiles */ = {isa = PBXBuildFile; fileRef = B544B1F41694972100392564 /* Sparkle.framework */; };
		B553060216BBB17500D850F1 /* RimeConfigAppOption.m in Sources */ = {isa = PBXBuildFile; fileRef = B553060116BBB17500D850F1 /* RimeConfigAppOption.m */; };
		B5552B81168DEFB700601C3C /* SCU.icns in Resources */ = {isa = PBXBuildFile; fileRef = B5552B80168DEFB700601C3C /* SCU.icns */; };
		B58FA759168EF87D00E75314 /* libresolv.dylib in Frameworks */ = {isa = PBXBuildFile; fileRef = B58FA758168EF87D00E75314 /* libresolv.dylib */; };
		B58FA78B168F3CB900E75314 /* RimeConfig.m in Sources */ = {isa = PBXBuildFile; fileRef = B58FA78A168F3CB900E75314 /* RimeConfig.m */; };
		B58FA81D169136A500E75314 /* RimeConfigError.m in Sources */ = {isa = PBXBuildFile; fileRef = B58FA81C169136A500E75314 /* RimeConfigError.m */; };
		B58FA82116915BEA00E75314 /* SchemataPreferencesViewController.m in Sources */ = {isa = PBXBuildFile; fileRef = B58FA81F16915BEA00E75314 /* SchemataPreferencesViewController.m */; };
		B58FA82216915BEA00E75314 /* SchemataPreferencesViewController.xib in Resources */ = {isa = PBXBuildFile; fileRef = B58FA82016915BEA00E75314 /* SchemataPreferencesViewController.xib */; };
		B5C4F4C11695546500430F20 /* dsa_pub.pem in Resources */ = {isa = PBXBuildFile; fileRef = B5C4F4C01695546500430F20 /* dsa_pub.pem */; };
		B5DCCC33168EDF4B00E3D502 /* RimeConfigController.m in Sources */ = {isa = PBXBuildFile; fileRef = B5DCCC32168EDF4B00E3D502 /* RimeConfigController.m */; };
		B5DE2D6C16C958B1000BF87B /* RimeKeyCodeTransformer.mm in Sources */ = {isa = PBXBuildFile; fileRef = B5DE2D6316C958B1000BF87B /* RimeKeyCodeTransformer.mm */; };
		B5DE2D6D16C958B1000BF87B /* RimeKey.m in Sources */ = {isa = PBXBuildFile; fileRef = B5DE2D6516C958B1000BF87B /* RimeKey.m */; };
		B5DE2D6E16C958B1000BF87B /* RimeModifierFlagTransformer.mm in Sources */ = {isa = PBXBuildFile; fileRef = B5DE2D6716C958B1000BF87B /* RimeModifierFlagTransformer.mm */; };
		B5DE2D6F16C958B1000BF87B /* key_table.cc in Sources */ = {isa = PBXBuildFile; fileRef = B5DE2D6A16C958B1000BF87B /* key_table.cc */; };
		B5DE2E1316C9596A000BF87B /* ShortcutRecorder.framework in Frameworks */ = {isa = PBXBuildFile; fileRef = B5DE2E0E16C9593B000BF87B /* ShortcutRecorder.framework */; };
		B5E30054168C48650068BBE7 /* GeneralPreferencesViewController.m in Sources */ = {isa = PBXBuildFile; fileRef = B5E30052168C48650068BBE7 /* GeneralPreferencesViewController.m */; };
		B5E30055168C48650068BBE7 /* GeneralPreferencesViewController.xib in Resources */ = {isa = PBXBuildFile; fileRef = B5E30053168C48650068BBE7 /* GeneralPreferencesViewController.xib */; };
		B5E30059168C49170068BBE7 /* StylePreferencesViewController.m in Sources */ = {isa = PBXBuildFile; fileRef = B5E30057168C49170068BBE7 /* StylePreferencesViewController.m */; };
		B5E3005A168C49170068BBE7 /* StylePreferencesViewController.xib in Resources */ = {isa = PBXBuildFile; fileRef = B5E30058168C49170068BBE7 /* StylePreferencesViewController.xib */; };
		B5EA2B1316C4D4DC00E434AF /* RimeConfigSchema.m in Sources */ = {isa = PBXBuildFile; fileRef = B5EA2B1216C4D4DC00E434AF /* RimeConfigSchema.m */; };
/* End PBXBuildFile section */

/* Begin PBXContainerItemProxy section */
		B544B1EA1694904F00392564 /* PBXContainerItemProxy */ = {
			isa = PBXContainerItemProxy;
			containerPortal = B544B1E11694904F00392564 /* YACYAML.xcodeproj */;
			proxyType = 2;
			remoteGlobalIDString = 7DDC030E156541F8001832F5;
			remoteInfo = YACYAML;
		};
		B544B1EC1694904F00392564 /* PBXContainerItemProxy */ = {
			isa = PBXContainerItemProxy;
			containerPortal = B544B1E11694904F00392564 /* YACYAML.xcodeproj */;
			proxyType = 2;
			remoteGlobalIDString = 7DDC031E156541F8001832F5;
			remoteInfo = YACYAMLTests;
		};
		B544B1EE1694904F00392564 /* PBXContainerItemProxy */ = {
			isa = PBXContainerItemProxy;
			containerPortal = B544B1E11694904F00392564 /* YACYAML.xcodeproj */;
			proxyType = 2;
			remoteGlobalIDString = 7DE3E3AC15654430006663D2;
			remoteInfo = libYAML;
		};
		B544B1F11694906100392564 /* PBXContainerItemProxy */ = {
			isa = PBXContainerItemProxy;
			containerPortal = B544B1E11694904F00392564 /* YACYAML.xcodeproj */;
			proxyType = 1;
			remoteGlobalIDString = 7DDC030D156541F8001832F5;
			remoteInfo = YACYAML;
		};
		B5DE2E0D16C9593B000BF87B /* PBXContainerItemProxy */ = {
			isa = PBXContainerItemProxy;
			containerPortal = B5DE2E0816C9593B000BF87B /* ShortcutRecorder.xcodeproj */;
			proxyType = 2;
			remoteGlobalIDString = 939837800DA42965007F53F3;
			remoteInfo = ShortcutRecorder.framework;
		};
		B5DE2E0F16C9593B000BF87B /* PBXContainerItemProxy */ = {
			isa = PBXContainerItemProxy;
			containerPortal = B5DE2E0816C9593B000BF87B /* ShortcutRecorder.xcodeproj */;
			proxyType = 2;
			remoteGlobalIDString = E273122E1349EC9000A84433;
			remoteInfo = PTHotKey.framework;
		};
		B5DE2E1116C95950000BF87B /* PBXContainerItemProxy */ = {
			isa = PBXContainerItemProxy;
			containerPortal = B5DE2E0816C9593B000BF87B /* ShortcutRecorder.xcodeproj */;
			proxyType = 1;
			remoteGlobalIDString = 9398377F0DA42965007F53F3;
			remoteInfo = ShortcutRecorder.framework;
		};
/* End PBXContainerItemProxy section */

/* Begin PBXCopyFilesBuildPhase section */
		B544B1F6169497A900392564 /* CopyFiles */ = {
			isa = PBXCopyFilesBuildPhase;
			buildActionMask = 2147483647;
			dstPath = "";
			dstSubfolderSpec = 10;
			files = (
				B544B1F7169497C300392564 /* Sparkle.framework in CopyFiles */,
			);
			runOnlyForDeploymentPostprocessing = 0;
		};
/* End PBXCopyFilesBuildPhase section */

/* Begin PBXFileReference section */
		B519C003168C87D700B04D55 /* en */ = {isa = PBXFileReference; lastKnownFileType = text.plist.strings; name = en; path = en.lproj/Localizable.strings; sourceTree = "<group>"; };
		B5293FEB1692F0ED00543EEC /* AppsPreferencesViewController.h */ = {isa = PBXFileReference; fileEncoding = 4; lastKnownFileType = sourcecode.c.h; path = AppsPreferencesViewController.h; sourceTree = "<group>"; };
		B5293FEC1692F0ED00543EEC /* AppsPreferencesViewController.m */ = {isa = PBXFileReference; fileEncoding = 4; lastKnownFileType = sourcecode.c.objc; path = AppsPreferencesViewController.m; sourceTree = "<group>"; };
		B5293FED1692F0ED00543EEC /* AppsPreferencesViewController.xib */ = {isa = PBXFileReference; fileEncoding = 4; lastKnownFileType = file.xib; path = AppsPreferencesViewController.xib; sourceTree = "<group>"; };
		B5293FF01692F10900543EEC /* HelpPreferencesViewController.h */ = {isa = PBXFileReference; fileEncoding = 4; lastKnownFileType = sourcecode.c.h; path = HelpPreferencesViewController.h; sourceTree = "<group>"; };
		B5293FF11692F10900543EEC /* HelpPreferencesViewController.m */ = {isa = PBXFileReference; fileEncoding = 4; lastKnownFileType = sourcecode.c.objc; path = HelpPreferencesViewController.m; sourceTree = "<group>"; };
		B5293FF21692F10900543EEC /* HelpPreferencesViewController.xib */ = {isa = PBXFileReference; fileEncoding = 4; lastKnownFileType = file.xib; path = HelpPreferencesViewController.xib; sourceTree = "<group>"; };
		B5293FF51692F41100543EEC /* squirrelDeployCommand.png */ = {isa = PBXFileReference; lastKnownFileType = image.png; path = squirrelDeployCommand.png; sourceTree = "<group>"; };
		B5293FF61692F41100543EEC /* squirrelDeployCommand@2x.png */ = {isa = PBXFileReference; lastKnownFileType = image.png; path = "squirrelDeployCommand@2x.png"; sourceTree = "<group>"; };
		B529414F1694660600543EEC /* SHKit.h */ = {isa = PBXFileReference; fileEncoding = 4; lastKnownFileType = sourcecode.c.h; path = SHKit.h; sourceTree = "<group>"; };
		B52941501694660600543EEC /* SHKit.m */ = {isa = PBXFileReference; fileEncoding = 4; lastKnownFileType = sourcecode.c.objc; path = SHKit.m; sourceTree = "<group>"; };
		B52941511694660600543EEC /* NSArray+SHExtensions.h */ = {isa = PBXFileReference; fileEncoding = 4; lastKnownFileType = sourcecode.c.h; path = "NSArray+SHExtensions.h"; sourceTree = "<group>"; };
		B52941521694660600543EEC /* NSArray+SHExtensions.m */ = {isa = PBXFileReference; fileEncoding = 4; lastKnownFileType = sourcecode.c.objc; path = "NSArray+SHExtensions.m"; sourceTree = "<group>"; };
		B52941531694660600543EEC /* NSColor+SHExtensions.h */ = {isa = PBXFileReference; fileEncoding = 4; lastKnownFileType = sourcecode.c.h; path = "NSColor+SHExtensions.h"; sourceTree = "<group>"; };
		B52941541694660600543EEC /* NSColor+SHExtensions.m */ = {isa = PBXFileReference; fileEncoding = 4; lastKnownFileType = sourcecode.c.objc; path = "NSColor+SHExtensions.m"; sourceTree = "<group>"; };
		B52941551694660600543EEC /* NSDictionary+KeyPath.h */ = {isa = PBXFileReference; fileEncoding = 4; lastKnownFileType = sourcecode.c.h; path = "NSDictionary+KeyPath.h"; sourceTree = "<group>"; };
		B52941561694660600543EEC /* NSDictionary+KeyPath.m */ = {isa = PBXFileReference; fileEncoding = 4; lastKnownFileType = sourcecode.c.objc; path = "NSDictionary+KeyPath.m"; sourceTree = "<group>"; };
		B52941571694660600543EEC /* NSDictionary+SHExtensions.h */ = {isa = PBXFileReference; fileEncoding = 4; lastKnownFileType = sourcecode.c.h; path = "NSDictionary+SHExtensions.h"; sourceTree = "<group>"; };
		B52941581694660600543EEC /* NSDictionary+SHExtensions.m */ = {isa = PBXFileReference; fileEncoding = 4; lastKnownFileType = sourcecode.c.objc; path = "NSDictionary+SHExtensions.m"; sourceTree = "<group>"; };
		B52941591694660600543EEC /* NSObject+DeepMutableCopy.h */ = {isa = PBXFileReference; fileEncoding = 4; lastKnownFileType = sourcecode.c.h; path = "NSObject+DeepMutableCopy.h"; sourceTree = "<group>"; };
		B529415A1694660600543EEC /* NSObject+DeepMutableCopy.m */ = {isa = PBXFileReference; fileEncoding = 4; lastKnownFileType = sourcecode.c.objc; path = "NSObject+DeepMutableCopy.m"; sourceTree = "<group>"; };
		B529415B1694660600543EEC /* NSString+SHExtensions.h */ = {isa = PBXFileReference; fileEncoding = 4; lastKnownFileType = sourcecode.c.h; path = "NSString+SHExtensions.h"; sourceTree = "<group>"; };
		B529415C1694660600543EEC /* NSString+SHExtensions.m */ = {isa = PBXFileReference; fileEncoding = 4; lastKnownFileType = sourcecode.c.objc; path = "NSString+SHExtensions.m"; sourceTree = "<group>"; };
		B529415E1694660600543EEC /* SHFoundation.h */ = {isa = PBXFileReference; fileEncoding = 4; lastKnownFileType = sourcecode.c.h; path = SHFoundation.h; sourceTree = "<group>"; };
		B529415F1694660600543EEC /* SHFoundation.m */ = {isa = PBXFileReference; fileEncoding = 4; lastKnownFileType = sourcecode.c.objc; path = SHFoundation.m; sourceTree = "<group>"; };
		B5421906168C3AF000C21C1C /* SCU.app */ = {isa = PBXFileReference; explicitFileType = wrapper.application; includeInIndex = 0; path = SCU.app; sourceTree = BUILT_PRODUCTS_DIR; };
		B542190A168C3AF000C21C1C /* Cocoa.framework */ = {isa = PBXFileReference; lastKnownFileType = wrapper.framework; name = Cocoa.framework; path = System/Library/Frameworks/Cocoa.framework; sourceTree = SDKROOT; };
		B542190D168C3AF000C21C1C /* AppKit.framework */ = {isa = PBXFileReference; lastKnownFileType = wrapper.framework; name = AppKit.framework; path = System/Library/Frameworks/AppKit.framework; sourceTree = SDKROOT; };
		B542190F168C3AF000C21C1C /* Foundation.framework */ = {isa = PBXFileReference; lastKnownFileType = wrapper.framework; name = Foundation.framework; path = System/Library/Frameworks/Foundation.framework; sourceTree = SDKROOT; };
		B5421912168C3AF000C21C1C /* SCU-Info.plist */ = {isa = PBXFileReference; lastKnownFileType = text.plist.xml; path = "SCU-Info.plist"; sourceTree = "<group>"; };
		B5421914168C3AF000C21C1C /* en */ = {isa = PBXFileReference; lastKnownFileType = text.plist.strings; name = en; path = en.lproj/InfoPlist.strings; sourceTree = "<group>"; };
		B5421916168C3AF000C21C1C /* main.m */ = {isa = PBXFileReference; lastKnownFileType = sourcecode.c.objc; path = main.m; sourceTree = "<group>"; };
		B5421918168C3AF000C21C1C /* SCU-Prefix.pch */ = {isa = PBXFileReference; lastKnownFileType = sourcecode.c.h; path = "SCU-Prefix.pch"; sourceTree = "<group>"; };
		B542191A168C3AF000C21C1C /* en */ = {isa = PBXFileReference; lastKnownFileType = text.rtf; name = en; path = en.lproj/Credits.rtf; sourceTree = "<group>"; };
		B542191C168C3AF000C21C1C /* AppDelegate.h */ = {isa = PBXFileReference; lastKnownFileType = sourcecode.c.h; path = AppDelegate.h; sourceTree = "<group>"; };
		B542191D168C3AF000C21C1C /* AppDelegate.m */ = {isa = PBXFileReference; lastKnownFileType = sourcecode.c.objc; path = AppDelegate.m; sourceTree = "<group>"; };
		B5421920168C3AF000C21C1C /* en */ = {isa = PBXFileReference; lastKnownFileType = file.xib; name = en; path = en.lproj/MainMenu.xib; sourceTree = "<group>"; };
		B5421932168C3E3D00C21C1C /* MASPreferencesViewController.h */ = {isa = PBXFileReference; fileEncoding = 4; lastKnownFileType = sourcecode.c.h; path = MASPreferencesViewController.h; sourceTree = "<group>"; };
		B5421933168C3E3D00C21C1C /* MASPreferencesWindow.xib */ = {isa = PBXFileReference; fileEncoding = 4; lastKnownFileType = file.xib; path = MASPreferencesWindow.xib; sourceTree = "<group>"; };
		B5421934168C3E3D00C21C1C /* MASPreferencesWindowController.h */ = {isa = PBXFileReference; fileEncoding = 4; lastKnownFileType = sourcecode.c.h; path = MASPreferencesWindowController.h; sourceTree = "<group>"; };
		B5421935168C3E3D00C21C1C /* MASPreferencesWindowController.m */ = {isa = PBXFileReference; fileEncoding = 4; lastKnownFileType = sourcecode.c.objc; path = MASPreferencesWindowController.m; sourceTree = "<group>"; };
		B544B1E11694904F00392564 /* YACYAML.xcodeproj */ = {isa = PBXFileReference; lastKnownFileType = "wrapper.pb-project"; name = YACYAML.xcodeproj; path = YAML/YACYAML.xcodeproj; sourceTree = "<group>"; };
		B544B1F41694972100392564 /* Sparkle.framework */ = {isa = PBXFileReference; lastKnownFileType = wrapper.framework; path = Sparkle.framework; sourceTree = "<group>"; };
		B553060016BBB17500D850F1 /* RimeConfigAppOption.h */ = {isa = PBXFileReference; fileEncoding = 4; lastKnownFileType = sourcecode.c.h; name = RimeConfigAppOption.h; path = RimeKit/RimeConfigAppOption.h; sourceTree = "<group>"; };
		B553060116BBB17500D850F1 /* RimeConfigAppOption.m */ = {isa = PBXFileReference; fileEncoding = 4; lastKnownFileType = sourcecode.c.objc; name = RimeConfigAppOption.m; path = RimeKit/RimeConfigAppOption.m; sourceTree = "<group>"; };
		B5552B80168DEFB700601C3C /* SCU.icns */ = {isa = PBXFileReference; lastKnownFileType = image.icns; path = SCU.icns; sourceTree = "<group>"; };
		B58FA758168EF87D00E75314 /* libresolv.dylib */ = {isa = PBXFileReference; lastKnownFileType = "compiled.mach-o.dylib"; name = libresolv.dylib; path = usr/lib/libresolv.dylib; sourceTree = SDKROOT; };
		B58FA770168F3B2300E75314 /* RimeConstants.h */ = {isa = PBXFileReference; lastKnownFileType = sourcecode.c.h; name = RimeConstants.h; path = RimeKit/RimeConstants.h; sourceTree = "<group>"; };
		B58FA789168F3CB900E75314 /* RimeConfig.h */ = {isa = PBXFileReference; fileEncoding = 4; lastKnownFileType = sourcecode.c.h; name = RimeConfig.h; path = RimeKit/RimeConfig.h; sourceTree = "<group>"; };
		B58FA78A168F3CB900E75314 /* RimeConfig.m */ = {isa = PBXFileReference; fileEncoding = 4; lastKnownFileType = sourcecode.c.objc; name = RimeConfig.m; path = RimeKit/RimeConfig.m; sourceTree = "<group>"; };
		B58FA81B169136A500E75314 /* RimeConfigError.h */ = {isa = PBXFileReference; fileEncoding = 4; lastKnownFileType = sourcecode.c.h; name = RimeConfigError.h; path = RimeKit/RimeConfigError.h; sourceTree = "<group>"; };
		B58FA81C169136A500E75314 /* RimeConfigError.m */ = {isa = PBXFileReference; fileEncoding = 4; lastKnownFileType = sourcecode.c.objc; name = RimeConfigError.m; path = RimeKit/RimeConfigError.m; sourceTree = "<group>"; };
		B58FA81E16915BEA00E75314 /* SchemataPreferencesViewController.h */ = {isa = PBXFileReference; fileEncoding = 4; lastKnownFileType = sourcecode.c.h; path = SchemataPreferencesViewController.h; sourceTree = "<group>"; };
		B58FA81F16915BEA00E75314 /* SchemataPreferencesViewController.m */ = {isa = PBXFileReference; fileEncoding = 4; lastKnownFileType = sourcecode.c.objc; path = SchemataPreferencesViewController.m; sourceTree = "<group>"; };
		B58FA82016915BEA00E75314 /* SchemataPreferencesViewController.xib */ = {isa = PBXFileReference; fileEncoding = 4; lastKnownFileType = file.xib; path = SchemataPreferencesViewController.xib; sourceTree = "<group>"; };
		B5C4F4C01695546500430F20 /* dsa_pub.pem */ = {isa = PBXFileReference; fileEncoding = 4; lastKnownFileType = text; path = dsa_pub.pem; sourceTree = "<group>"; };
		B5DCCC31168EDF4B00E3D502 /* RimeConfigController.h */ = {isa = PBXFileReference; fileEncoding = 4; lastKnownFileType = sourcecode.c.h; name = RimeConfigController.h; path = RimeKit/RimeConfigController.h; sourceTree = "<group>"; };
		B5DCCC32168EDF4B00E3D502 /* RimeConfigController.m */ = {isa = PBXFileReference; fileEncoding = 4; lastKnownFileType = sourcecode.c.objc; name = RimeConfigController.m; path = RimeKit/RimeConfigController.m; sourceTree = "<group>"; };
		B5DE2D6316C958B1000BF87B /* RimeKeyCodeTransformer.mm */ = {isa = PBXFileReference; fileEncoding = 4; lastKnownFileType = sourcecode.cpp.objcpp; name = RimeKeyCodeTransformer.mm; path = RimeKit/RimeKeyCodeTransformer.mm; sourceTree = "<group>"; };
		B5DE2D6416C958B1000BF87B /* RimeKeyCodeTransformer.h */ = {isa = PBXFileReference; fileEncoding = 4; lastKnownFileType = sourcecode.c.h; name = RimeKeyCodeTransformer.h; path = RimeKit/RimeKeyCodeTransformer.h; sourceTree = "<group>"; };
		B5DE2D6516C958B1000BF87B /* RimeKey.m */ = {isa = PBXFileReference; fileEncoding = 4; lastKnownFileType = sourcecode.c.objc; name = RimeKey.m; path = RimeKit/RimeKey.m; sourceTree = "<group>"; };
		B5DE2D6616C958B1000BF87B /* RimeKey.h */ = {isa = PBXFileReference; fileEncoding = 4; lastKnownFileType = sourcecode.c.h; name = RimeKey.h; path = RimeKit/RimeKey.h; sourceTree = "<group>"; };
		B5DE2D6716C958B1000BF87B /* RimeModifierFlagTransformer.mm */ = {isa = PBXFileReference; fileEncoding = 4; lastKnownFileType = sourcecode.cpp.objcpp; name = RimeModifierFlagTransformer.mm; path = RimeKit/RimeModifierFlagTransformer.mm; sourceTree = "<group>"; };
		B5DE2D6816C958B1000BF87B /* RimeModifierFlagTransformer.h */ = {isa = PBXFileReference; fileEncoding = 4; lastKnownFileType = sourcecode.c.h; name = RimeModifierFlagTransformer.h; path = RimeKit/RimeModifierFlagTransformer.h; sourceTree = "<group>"; };
		B5DE2D6916C958B1000BF87B /* RimeKeyOSXConstants.h */ = {isa = PBXFileReference; fileEncoding = 4; lastKnownFileType = sourcecode.c.h; name = RimeKeyOSXConstants.h; path = RimeKit/RimeKeyOSXConstants.h; sourceTree = "<group>"; };
		B5DE2D6A16C958B1000BF87B /* key_table.cc */ = {isa = PBXFileReference; fileEncoding = 4; lastKnownFileType = sourcecode.cpp.cpp; name = key_table.cc; path = RimeKit/key_table.cc; sourceTree = "<group>"; };
		B5DE2D6B16C958B1000BF87B /* key_table.h */ = {isa = PBXFileReference; fileEncoding = 4; lastKnownFileType = sourcecode.c.h; name = key_table.h; path = RimeKit/key_table.h; sourceTree = "<group>"; };
		B5DE2E0816C9593B000BF87B /* ShortcutRecorder.xcodeproj */ = {isa = PBXFileReference; lastKnownFileType = "wrapper.pb-project"; name = ShortcutRecorder.xcodeproj; path = ShortcutRecorder/ShortcutRecorder.xcodeproj; sourceTree = "<group>"; };
		B5E30051168C48650068BBE7 /* GeneralPreferencesViewController.h */ = {isa = PBXFileReference; fileEncoding = 4; lastKnownFileType = sourcecode.c.h; path = GeneralPreferencesViewController.h; sourceTree = "<group>"; };
		B5E30052168C48650068BBE7 /* GeneralPreferencesViewController.m */ = {isa = PBXFileReference; fileEncoding = 4; lastKnownFileType = sourcecode.c.objc; path = GeneralPreferencesViewController.m; sourceTree = "<group>"; };
		B5E30053168C48650068BBE7 /* GeneralPreferencesViewController.xib */ = {isa = PBXFileReference; fileEncoding = 4; lastKnownFileType = file.xib; path = GeneralPreferencesViewController.xib; sourceTree = "<group>"; };
		B5E30056168C49170068BBE7 /* StylePreferencesViewController.h */ = {isa = PBXFileReference; fileEncoding = 4; lastKnownFileType = sourcecode.c.h; path = StylePreferencesViewController.h; sourceTree = "<group>"; };
		B5E30057168C49170068BBE7 /* StylePreferencesViewController.m */ = {isa = PBXFileReference; fileEncoding = 4; lastKnownFileType = sourcecode.c.objc; path = StylePreferencesViewController.m; sourceTree = "<group>"; };
		B5E30058168C49170068BBE7 /* StylePreferencesViewController.xib */ = {isa = PBXFileReference; fileEncoding = 4; lastKnownFileType = file.xib; path = StylePreferencesViewController.xib; sourceTree = "<group>"; };
		B5EA2B1116C4D4DC00E434AF /* RimeConfigSchema.h */ = {isa = PBXFileReference; fileEncoding = 4; lastKnownFileType = sourcecode.c.h; name = RimeConfigSchema.h; path = RimeKit/RimeConfigSchema.h; sourceTree = "<group>"; };
		B5EA2B1216C4D4DC00E434AF /* RimeConfigSchema.m */ = {isa = PBXFileReference; fileEncoding = 4; lastKnownFileType = sourcecode.c.objc; name = RimeConfigSchema.m; path = RimeKit/RimeConfigSchema.m; sourceTree = "<group>"; };
/* End PBXFileReference section */

/* Begin PBXFrameworksBuildPhase section */
		B5421903168C3AF000C21C1C /* Frameworks */ = {
			isa = PBXFrameworksBuildPhase;
			buildActionMask = 2147483647;
			files = (
				B58FA759168EF87D00E75314 /* libresolv.dylib in Frameworks */,
				B544B1F31694906800392564 /* libYACYAML.a in Frameworks */,
				B5DE2E1316C9596A000BF87B /* ShortcutRecorder.framework in Frameworks */,
				B542190B168C3AF000C21C1C /* Cocoa.framework in Frameworks */,
				B544B1F51694972100392564 /* Sparkle.framework in Frameworks */,
			);
			runOnlyForDeploymentPostprocessing = 0;
		};
/* End PBXFrameworksBuildPhase section */

/* Begin PBXGroup section */
		B52941431694660600543EEC /* SHKit */ = {
			isa = PBXGroup;
			children = (
				B529414E1694660600543EEC /* MacOS */,
				B52941511694660600543EEC /* NSArray+SHExtensions.h */,
				B52941521694660600543EEC /* NSArray+SHExtensions.m */,
				B52941531694660600543EEC /* NSColor+SHExtensions.h */,
				B52941541694660600543EEC /* NSColor+SHExtensions.m */,
				B52941551694660600543EEC /* NSDictionary+KeyPath.h */,
				B52941561694660600543EEC /* NSDictionary+KeyPath.m */,
				B52941571694660600543EEC /* NSDictionary+SHExtensions.h */,
				B52941581694660600543EEC /* NSDictionary+SHExtensions.m */,
				B52941591694660600543EEC /* NSObject+DeepMutableCopy.h */,
				B529415A1694660600543EEC /* NSObject+DeepMutableCopy.m */,
				B529415B1694660600543EEC /* NSString+SHExtensions.h */,
				B529415C1694660600543EEC /* NSString+SHExtensions.m */,
				B529415E1694660600543EEC /* SHFoundation.h */,
				B529415F1694660600543EEC /* SHFoundation.m */,
			);
			path = SHKit;
			sourceTree = "<group>";
		};
		B529414E1694660600543EEC /* MacOS */ = {
			isa = PBXGroup;
			children = (
				B529414F1694660600543EEC /* SHKit.h */,
				B52941501694660600543EEC /* SHKit.m */,
			);
			path = MacOS;
			sourceTree = "<group>";
		};
		B54218FB168C3AEF00C21C1C = {
			isa = PBXGroup;
			children = (
				B544B1E11694904F00392564 /* YACYAML.xcodeproj */,
				B5DE2E0816C9593B000BF87B /* ShortcutRecorder.xcodeproj */,
				B5421930168C3E3D00C21C1C /* MASPreferences */,
				B52941431694660600543EEC /* SHKit */,
				B5DCCC30168EDEAA00E3D502 /* RimeKit */,
				B5421910168C3AF000C21C1C /* SCU */,
				B5552B77168DE8DB00601C3C /* Resources */,
				B5421909168C3AF000C21C1C /* Frameworks */,
				B5421907168C3AF000C21C1C /* Products */,
			);
			sourceTree = "<group>";
		};
		B5421907168C3AF000C21C1C /* Products */ = {
			isa = PBXGroup;
			children = (
				B5421906168C3AF000C21C1C /* SCU.app */,
			);
			name = Products;
			sourceTree = "<group>";
		};
		B5421909168C3AF000C21C1C /* Frameworks */ = {
			isa = PBXGroup;
			children = (
				B544B1F41694972100392564 /* Sparkle.framework */,
				B542190A168C3AF000C21C1C /* Cocoa.framework */,
				B542190C168C3AF000C21C1C /* Other Frameworks */,
			);
			name = Frameworks;
			sourceTree = "<group>";
		};
		B542190C168C3AF000C21C1C /* Other Frameworks */ = {
			isa = PBXGroup;
			children = (
				B58FA758168EF87D00E75314 /* libresolv.dylib */,
				B542190D168C3AF000C21C1C /* AppKit.framework */,
				B542190F168C3AF000C21C1C /* Foundation.framework */,
			);
			name = "Other Frameworks";
			sourceTree = "<group>";
		};
		B5421910168C3AF000C21C1C /* SCU */ = {
			isa = PBXGroup;
			children = (
				B542191C168C3AF000C21C1C /* AppDelegate.h */,
				B542191D168C3AF000C21C1C /* AppDelegate.m */,
				B5E30051168C48650068BBE7 /* GeneralPreferencesViewController.h */,
				B5E30052168C48650068BBE7 /* GeneralPreferencesViewController.m */,
				B5E30053168C48650068BBE7 /* GeneralPreferencesViewController.xib */,
				B5E30056168C49170068BBE7 /* StylePreferencesViewController.h */,
				B5E30057168C49170068BBE7 /* StylePreferencesViewController.m */,
				B5E30058168C49170068BBE7 /* StylePreferencesViewController.xib */,
				B5293FEB1692F0ED00543EEC /* AppsPreferencesViewController.h */,
				B5293FEC1692F0ED00543EEC /* AppsPreferencesViewController.m */,
				B5293FED1692F0ED00543EEC /* AppsPreferencesViewController.xib */,
				B58FA81E16915BEA00E75314 /* SchemataPreferencesViewController.h */,
				B58FA81F16915BEA00E75314 /* SchemataPreferencesViewController.m */,
				B58FA82016915BEA00E75314 /* SchemataPreferencesViewController.xib */,
				B5293FF01692F10900543EEC /* HelpPreferencesViewController.h */,
				B5293FF11692F10900543EEC /* HelpPreferencesViewController.m */,
				B5293FF21692F10900543EEC /* HelpPreferencesViewController.xib */,
				B5421911168C3AF000C21C1C /* Supporting Files */,
			);
			path = SCU;
			sourceTree = "<group>";
		};
		B5421911168C3AF000C21C1C /* Supporting Files */ = {
			isa = PBXGroup;
			children = (
				B5421912168C3AF000C21C1C /* SCU-Info.plist */,
				B5421916168C3AF000C21C1C /* main.m */,
				B5421918168C3AF000C21C1C /* SCU-Prefix.pch */,
			);
			name = "Supporting Files";
			sourceTree = "<group>";
		};
		B5421930168C3E3D00C21C1C /* MASPreferences */ = {
			isa = PBXGroup;
			children = (
				B5421932168C3E3D00C21C1C /* MASPreferencesViewController.h */,
				B5421933168C3E3D00C21C1C /* MASPreferencesWindow.xib */,
				B5421934168C3E3D00C21C1C /* MASPreferencesWindowController.h */,
				B5421935168C3E3D00C21C1C /* MASPreferencesWindowController.m */,
			);
			path = MASPreferences;
			sourceTree = "<group>";
		};
		B544B1E21694904F00392564 /* Products */ = {
			isa = PBXGroup;
			children = (
				B544B1EB1694904F00392564 /* libYACYAML.a */,
				B544B1ED1694904F00392564 /* YACYAMLTests.octest */,
				B544B1EF1694904F00392564 /* libYAML.a */,
			);
			name = Products;
			sourceTree = "<group>";
		};
		B5552B77168DE8DB00601C3C /* Resources */ = {
			isa = PBXGroup;
			children = (
				B542191F168C3AF000C21C1C /* MainMenu.xib */,
				B519C004168C87D700B04D55 /* Localizable.strings */,
				B5421913168C3AF000C21C1C /* InfoPlist.strings */,
				B5421919168C3AF000C21C1C /* Credits.rtf */,
				B5552B80168DEFB700601C3C /* SCU.icns */,
				B5C4F4C01695546500430F20 /* dsa_pub.pem */,
				B5293FF51692F41100543EEC /* squirrelDeployCommand.png */,
				B5293FF61692F41100543EEC /* squirrelDeployCommand@2x.png */,
			);
			path = Resources;
			sourceTree = "<group>";
		};
		B5DCCC30168EDEAA00E3D502 /* RimeKit */ = {
			isa = PBXGroup;
			children = (
				B58FA770168F3B2300E75314 /* RimeConstants.h */,
				B58FA789168F3CB900E75314 /* RimeConfig.h */,
				B58FA78A168F3CB900E75314 /* RimeConfig.m */,
				B5DCCC31168EDF4B00E3D502 /* RimeConfigController.h */,
				B5DCCC32168EDF4B00E3D502 /* RimeConfigController.m */,
				B58FA81B169136A500E75314 /* RimeConfigError.h */,
				B58FA81C169136A500E75314 /* RimeConfigError.m */,
				B553060016BBB17500D850F1 /* RimeConfigAppOption.h */,
				B553060116BBB17500D850F1 /* RimeConfigAppOption.m */,
				B5EA2B1116C4D4DC00E434AF /* RimeConfigSchema.h */,
				B5EA2B1216C4D4DC00E434AF /* RimeConfigSchema.m */,
				B5DE2D6B16C958B1000BF87B /* key_table.h */,
				B5DE2D6A16C958B1000BF87B /* key_table.cc */,
				B5DE2D6616C958B1000BF87B /* RimeKey.h */,
				B5DE2D6516C958B1000BF87B /* RimeKey.m */,
				B5DE2D6916C958B1000BF87B /* RimeKeyOSXConstants.h */,
				B5DE2D6416C958B1000BF87B /* RimeKeyCodeTransformer.h */,
				B5DE2D6316C958B1000BF87B /* RimeKeyCodeTransformer.mm */,
				B5DE2D6816C958B1000BF87B /* RimeModifierFlagTransformer.h */,
				B5DE2D6716C958B1000BF87B /* RimeModifierFlagTransformer.mm */,
			);
			name = RimeKit;
			sourceTree = "<group>";
		};
		B5DE2E0916C9593B000BF87B /* Products */ = {
			isa = PBXGroup;
			children = (
				B5DE2E0E16C9593B000BF87B /* ShortcutRecorder.framework */,
				B5DE2E1016C9593B000BF87B /* PTHotKey.framework */,
			);
			name = Products;
			sourceTree = "<group>";
		};
/* End PBXGroup section */

/* Begin PBXNativeTarget section */
		B5421905168C3AF000C21C1C /* SCU */ = {
			isa = PBXNativeTarget;
			buildConfigurationList = B5421924168C3AF000C21C1C /* Build configuration list for PBXNativeTarget "SCU" */;
			buildPhases = (
				B544B1F816949F3200392564 /* ShellScript */,
				B5421902168C3AF000C21C1C /* Sources */,
				B5421903168C3AF000C21C1C /* Frameworks */,
				B5421904168C3AF000C21C1C /* Resources */,
				B544B1F6169497A900392564 /* CopyFiles */,
			);
			buildRules = (
			);
			dependencies = (
				B544B1F21694906100392564 /* PBXTargetDependency */,
				B5DE2E1216C95950000BF87B /* PBXTargetDependency */,
			);
			name = SCU;
			productName = SCU;
			productReference = B5421906168C3AF000C21C1C /* SCU.app */;
			productType = "com.apple.product-type.application";
		};
/* End PBXNativeTarget section */

/* Begin PBXProject section */
		B54218FD168C3AEF00C21C1C /* Project object */ = {
			isa = PBXProject;
			attributes = {
				LastUpgradeCheck = 0450;
				ORGANIZATIONNAME = "Paradigm X";
			};
			buildConfigurationList = B5421900168C3AEF00C21C1C /* Build configuration list for PBXProject "SCU" */;
			compatibilityVersion = "Xcode 3.2";
			developmentRegion = English;
			hasScannedForEncodings = 0;
			knownRegions = (
				en,
				ca,
				cs,
				da,
				de,
				el,
				"es-MX",
				es,
				fr,
				it,
				ja,
				ko,
				nb,
				nl,
				pl,
				"pt-BR",
				pt,
				ro,
				ru,
				sk,
				sv,
				th,
				"zh-Hans",
				"zh-Hant",
			);
			mainGroup = B54218FB168C3AEF00C21C1C;
			productRefGroup = B5421907168C3AF000C21C1C /* Products */;
			projectDirPath = "";
			projectReferences = (
				{
					ProductGroup = B5DE2E0916C9593B000BF87B /* Products */;
					ProjectRef = B5DE2E0816C9593B000BF87B /* ShortcutRecorder.xcodeproj */;
				},
				{
					ProductGroup = B544B1E21694904F00392564 /* Products */;
					ProjectRef = B544B1E11694904F00392564 /* YACYAML.xcodeproj */;
				},
			);
			projectRoot = "";
			targets = (
				B5421905168C3AF000C21C1C /* SCU */,
			);
		};
/* End PBXProject section */

/* Begin PBXReferenceProxy section */
		B544B1EB1694904F00392564 /* libYACYAML.a */ = {
			isa = PBXReferenceProxy;
			fileType = archive.ar;
			path = libYACYAML.a;
			remoteRef = B544B1EA1694904F00392564 /* PBXContainerItemProxy */;
			sourceTree = BUILT_PRODUCTS_DIR;
		};
		B544B1ED1694904F00392564 /* YACYAMLTests.octest */ = {
			isa = PBXReferenceProxy;
			fileType = wrapper.cfbundle;
			path = YACYAMLTests.octest;
			remoteRef = B544B1EC1694904F00392564 /* PBXContainerItemProxy */;
			sourceTree = BUILT_PRODUCTS_DIR;
		};
		B544B1EF1694904F00392564 /* libYAML.a */ = {
			isa = PBXReferenceProxy;
			fileType = archive.ar;
			path = libYAML.a;
			remoteRef = B544B1EE1694904F00392564 /* PBXContainerItemProxy */;
			sourceTree = BUILT_PRODUCTS_DIR;
		};
		B5DE2E0E16C9593B000BF87B /* ShortcutRecorder.framework */ = {
			isa = PBXReferenceProxy;
			fileType = wrapper.framework;
			path = ShortcutRecorder.framework;
			remoteRef = B5DE2E0D16C9593B000BF87B /* PBXContainerItemProxy */;
			sourceTree = BUILT_PRODUCTS_DIR;
		};
		B5DE2E1016C9593B000BF87B /* PTHotKey.framework */ = {
			isa = PBXReferenceProxy;
			fileType = wrapper.framework;
			path = PTHotKey.framework;
			remoteRef = B5DE2E0F16C9593B000BF87B /* PBXContainerItemProxy */;
			sourceTree = BUILT_PRODUCTS_DIR;
		};
/* End PBXReferenceProxy section */

/* Begin PBXResourcesBuildPhase section */
		B5421904168C3AF000C21C1C /* Resources */ = {
			isa = PBXResourcesBuildPhase;
			buildActionMask = 2147483647;
			files = (
				B5421915168C3AF000C21C1C /* InfoPlist.strings in Resources */,
				B542191B168C3AF000C21C1C /* Credits.rtf in Resources */,
				B5421921168C3AF000C21C1C /* MainMenu.xib in Resources */,
				B54219B7168C3E3D00C21C1C /* MASPreferencesWindow.xib in Resources */,
				B5E30055168C48650068BBE7 /* GeneralPreferencesViewController.xib in Resources */,
				B5E3005A168C49170068BBE7 /* StylePreferencesViewController.xib in Resources */,
				B519C002168C87D700B04D55 /* Localizable.strings in Resources */,
				B5552B81168DEFB700601C3C /* SCU.icns in Resources */,
				B58FA82216915BEA00E75314 /* SchemataPreferencesViewController.xib in Resources */,
				B5293FEF1692F0ED00543EEC /* AppsPreferencesViewController.xib in Resources */,
				B5293FF41692F10900543EEC /* HelpPreferencesViewController.xib in Resources */,
				B5293FF71692F41100543EEC /* squirrelDeployCommand.png in Resources */,
				B5293FF81692F41100543EEC /* squirrelDeployCommand@2x.png in Resources */,
				B5C4F4C11695546500430F20 /* dsa_pub.pem in Resources */,
			);
			runOnlyForDeploymentPostprocessing = 0;
		};
/* End PBXResourcesBuildPhase section */

/* Begin PBXShellScriptBuildPhase section */
		B544B1F816949F3200392564 /* ShellScript */ = {
			isa = PBXShellScriptBuildPhase;
			buildActionMask = 2147483647;
			files = (
			);
			inputPaths = (
			);
			outputPaths = (
			);
			runOnlyForDeploymentPostprocessing = 0;
			shellPath = /bin/sh;
			shellScript = "#!/bin/bash\nbN=$(/usr/libexec/PlistBuddy -c \"Print CFBundleVersion\" \"$INFOPLIST_FILE\")\nbN=$(($bN + 1))\nbN=$(printf \"%u\" $bN)\n/usr/libexec/PlistBuddy -c \"Set :CFBundleVersion $bN\" \"$INFOPLIST_FILE\"";
		};
/* End PBXShellScriptBuildPhase section */

/* Begin PBXSourcesBuildPhase section */
		B5421902168C3AF000C21C1C /* Sources */ = {
			isa = PBXSourcesBuildPhase;
			buildActionMask = 2147483647;
			files = (
				B5421917168C3AF000C21C1C /* main.m in Sources */,
				B542191E168C3AF000C21C1C /* AppDelegate.m in Sources */,
				B54219B8168C3E3D00C21C1C /* MASPreferencesWindowController.m in Sources */,
				B5E30054168C48650068BBE7 /* GeneralPreferencesViewController.m in Sources */,
				B5E30059168C49170068BBE7 /* StylePreferencesViewController.m in Sources */,
				B5DCCC33168EDF4B00E3D502 /* RimeConfigController.m in Sources */,
				B58FA78B168F3CB900E75314 /* RimeConfig.m in Sources */,
				B58FA81D169136A500E75314 /* RimeConfigError.m in Sources */,
				B58FA82116915BEA00E75314 /* SchemataPreferencesViewController.m in Sources */,
				B5293FEE1692F0ED00543EEC /* AppsPreferencesViewController.m in Sources */,
				B5293FF31692F10900543EEC /* HelpPreferencesViewController.m in Sources */,
				B52941651694660600543EEC /* SHKit.m in Sources */,
				B52941661694660600543EEC /* NSArray+SHExtensions.m in Sources */,
				B52941671694660600543EEC /* NSColor+SHExtensions.m in Sources */,
				B52941681694660600543EEC /* NSDictionary+KeyPath.m in Sources */,
				B52941691694660600543EEC /* NSDictionary+SHExtensions.m in Sources */,
				B529416A1694660600543EEC /* NSObject+DeepMutableCopy.m in Sources */,
				B529416B1694660600543EEC /* NSString+SHExtensions.m in Sources */,
				B529416D1694660600543EEC /* SHFoundation.m in Sources */,
				B553060216BBB17500D850F1 /* RimeConfigAppOption.m in Sources */,
				B5EA2B1316C4D4DC00E434AF /* RimeConfigSchema.m in Sources */,
				B5DE2D6C16C958B1000BF87B /* RimeKeyCodeTransformer.mm in Sources */,
				B5DE2D6D16C958B1000BF87B /* RimeKey.m in Sources */,
				B5DE2D6E16C958B1000BF87B /* RimeModifierFlagTransformer.mm in Sources */,
				B5DE2D6F16C958B1000BF87B /* key_table.cc in Sources */,
			);
			runOnlyForDeploymentPostprocessing = 0;
		};
/* End PBXSourcesBuildPhase section */

/* Begin PBXTargetDependency section */
		B544B1F21694906100392564 /* PBXTargetDependency */ = {
			isa = PBXTargetDependency;
			name = YACYAML;
			targetProxy = B544B1F11694906100392564 /* PBXContainerItemProxy */;
		};
		B5DE2E1216C95950000BF87B /* PBXTargetDependency */ = {
			isa = PBXTargetDependency;
			name = ShortcutRecorder.framework;
			targetProxy = B5DE2E1116C95950000BF87B /* PBXContainerItemProxy */;
		};
/* End PBXTargetDependency section */

/* Begin PBXVariantGroup section */
		B519C004168C87D700B04D55 /* Localizable.strings */ = {
			isa = PBXVariantGroup;
			children = (
				B519C003168C87D700B04D55 /* en */,
			);
			name = Localizable.strings;
			path = ../SCU;
			sourceTree = "<group>";
		};
		B5421913168C3AF000C21C1C /* InfoPlist.strings */ = {
			isa = PBXVariantGroup;
			children = (
				B5421914168C3AF000C21C1C /* en */,
			);
			name = InfoPlist.strings;
			path = ../SCU;
			sourceTree = "<group>";
		};
		B5421919168C3AF000C21C1C /* Credits.rtf */ = {
			isa = PBXVariantGroup;
			children = (
				B542191A168C3AF000C21C1C /* en */,
			);
			name = Credits.rtf;
			path = ../SCU;
			sourceTree = "<group>";
		};
		B542191F168C3AF000C21C1C /* MainMenu.xib */ = {
			isa = PBXVariantGroup;
			children = (
				B5421920168C3AF000C21C1C /* en */,
			);
			name = MainMenu.xib;
			path = ../SCU;
			sourceTree = "<group>";
		};
/* End PBXVariantGroup section */

/* Begin XCBuildConfiguration section */
		B5421922168C3AF000C21C1C /* Debug */ = {
			isa = XCBuildConfiguration;
			buildSettings = {
				ALWAYS_SEARCH_USER_PATHS = YES;
				ARCHS = "$(ARCHS_STANDARD_64_BIT)";
				CLANG_CXX_LANGUAGE_STANDARD = "gnu++0x";
				CLANG_CXX_LIBRARY = "libc++";
				CLANG_ENABLE_OBJC_ARC = YES;
				CLANG_WARN_EMPTY_BODY = YES;
				CLANG_WARN__DUPLICATE_METHOD_MATCH = YES;
				CODE_SIGN_IDENTITY = "iPhone Developer: Neo Lee (RE4DRB3R3B)";
				COPY_PHASE_STRIP = NO;
				GCC_C_LANGUAGE_STANDARD = gnu99;
				GCC_DYNAMIC_NO_PIC = NO;
				GCC_ENABLE_OBJC_EXCEPTIONS = YES;
				GCC_OPTIMIZATION_LEVEL = 0;
				GCC_PREPROCESSOR_DEFINITIONS = (
					"DEBUG=1",
					"$(inherited)",
				);
				GCC_SYMBOLS_PRIVATE_EXTERN = NO;
				GCC_WARN_64_TO_32_BIT_CONVERSION = YES;
				GCC_WARN_ABOUT_RETURN_TYPE = YES;
				GCC_WARN_UNINITIALIZED_AUTOS = YES;
				GCC_WARN_UNUSED_VARIABLE = YES;
				HEADER_SEARCH_PATHS = /opt/X11/include/;
				LD_RUNPATH_SEARCH_PATHS = "";
				LIBRARY_SEARCH_PATHS = "";
				MACOSX_DEPLOYMENT_TARGET = 10.6;
				ONLY_ACTIVE_ARCH = YES;
				OTHER_LDFLAGS = (
					"-ObjC",
					"-all_load",
				);
				PROVISIONING_PROFILE = "5260F47A-A6E8-49ED-A899-6AFDC214CD60";
				SDKROOT = macosx;
				USER_HEADER_SEARCH_PATHS = "\"$(TARGET_BUILD_DIR)/usr/local/lib/include\" \"$(OBJROOT)/UninstalledProducts/include\" ${SRCROOT}/ShortcutRecorder";
			};
			name = Debug;
		};
		B5421923168C3AF000C21C1C /* Release */ = {
			isa = XCBuildConfiguration;
			buildSettings = {
				ALWAYS_SEARCH_USER_PATHS = YES;
				ARCHS = "$(ARCHS_STANDARD_64_BIT)";
				CLANG_CXX_LANGUAGE_STANDARD = "gnu++0x";
				CLANG_CXX_LIBRARY = "libc++";
				CLANG_ENABLE_OBJC_ARC = YES;
				CLANG_WARN_EMPTY_BODY = YES;
				CLANG_WARN__DUPLICATE_METHOD_MATCH = YES;
				CODE_SIGN_IDENTITY = "iPhone Developer: Neo Lee (RE4DRB3R3B)";
				COPY_PHASE_STRIP = YES;
				DEBUG_INFORMATION_FORMAT = "dwarf-with-dsym";
				GCC_C_LANGUAGE_STANDARD = gnu99;
				GCC_ENABLE_OBJC_EXCEPTIONS = YES;
				GCC_WARN_64_TO_32_BIT_CONVERSION = YES;
				GCC_WARN_ABOUT_RETURN_TYPE = YES;
				GCC_WARN_UNINITIALIZED_AUTOS = YES;
				GCC_WARN_UNUSED_VARIABLE = YES;
				HEADER_SEARCH_PATHS = /opt/X11/include/;
				LD_RUNPATH_SEARCH_PATHS = "";
				LIBRARY_SEARCH_PATHS = "";
				MACOSX_DEPLOYMENT_TARGET = 10.6;
				OTHER_LDFLAGS = (
					"-ObjC",
					"-all_load",
				);
				PROVISIONING_PROFILE = "5260F47A-A6E8-49ED-A899-6AFDC214CD60";
				SDKROOT = macosx;
				USER_HEADER_SEARCH_PATHS = "\"$(TARGET_BUILD_DIR)/usr/local/lib/include\" \"$(OBJROOT)/UninstalledProducts/include\" ${SRCROOT}/ShortcutRecorder";
			};
			name = Release;
		};
		B5421925168C3AF000C21C1C /* Debug */ = {
			isa = XCBuildConfiguration;
			buildSettings = {
				CODE_SIGN_IDENTITY = "";
				COMBINE_HIDPI_IMAGES = YES;
				FRAMEWORK_SEARCH_PATHS = (
					"$(inherited)",
					"\"$(SRCROOT)\"",
				);
				GCC_PRECOMPILE_PREFIX_HEADER = YES;
				GCC_PREFIX_HEADER = "SCU/SCU-Prefix.pch";
				HEADER_SEARCH_PATHS = "$(inherited)";
				INFOPLIST_FILE = "SCU/SCU-Info.plist";
				LIBRARY_SEARCH_PATHS = "$(inherited)";
				MACOSX_DEPLOYMENT_TARGET = 10.7;
				OTHER_LDFLAGS = (
					"-ObjC",
					"-all_load",
				);
				PRODUCT_NAME = "$(TARGET_NAME)";
				WRAPPER_EXTENSION = app;
			};
			name = Debug;
		};
		B5421926168C3AF000C21C1C /* Release */ = {
			isa = XCBuildConfiguration;
			buildSettings = {
				CODE_SIGN_IDENTITY = "";
				COMBINE_HIDPI_IMAGES = YES;
				FRAMEWORK_SEARCH_PATHS = (
					"$(inherited)",
					"\"$(SRCROOT)\"",
				);
				GCC_PRECOMPILE_PREFIX_HEADER = YES;
				GCC_PREFIX_HEADER = "SCU/SCU-Prefix.pch";
				HEADER_SEARCH_PATHS = "$(inherited)";
				INFOPLIST_FILE = "SCU/SCU-Info.plist";
				LIBRARY_SEARCH_PATHS = "$(inherited)";
				MACOSX_DEPLOYMENT_TARGET = 10.7;
				OTHER_LDFLAGS = (
					"-ObjC",
					"-all_load",
				);
				PRODUCT_NAME = "$(TARGET_NAME)";
				WRAPPER_EXTENSION = app;
			};
			name = Release;
		};
/* End XCBuildConfiguration section */

/* Begin XCConfigurationList section */
		B5421900168C3AEF00C21C1C /* Build configuration list for PBXProject "SCU" */ = {
			isa = XCConfigurationList;
			buildConfigurations = (
				B5421922168C3AF000C21C1C /* Debug */,
				B5421923168C3AF000C21C1C /* Release */,
			);
			defaultConfigurationIsVisible = 0;
			defaultConfigurationName = Release;
		};
		B5421924168C3AF000C21C1C /* Build configuration list for PBXNativeTarget "SCU" */ = {
			isa = XCConfigurationList;
			buildConfigurations = (
				B5421925168C3AF000C21C1C /* Debug */,
				B5421926168C3AF000C21C1C /* Release */,
			);
			defaultConfigurationIsVisible = 0;
			defaultConfigurationName = Release;
		};
/* End XCConfigurationList section */
	};
	rootObject = B54218FD168C3AEF00C21C1C /* Project object */;
}
